// !$*UTF8*$!
{
	archiveVersion = 1;
	classes = {
	};
	objectVersion = 56;
	objects = {

/* Begin PBXBuildFile section */
		97E57CD7296531E2000068C1 /* toggle_clockApp.swift in Sources */ = {isa = PBXBuildFile; fileRef = 97E57CD6296531E2000068C1 /* toggle_clockApp.swift */; };
		97E57CD9296531E2000068C1 /* ContentView.swift in Sources */ = {isa = PBXBuildFile; fileRef = 97E57CD8296531E2000068C1 /* ContentView.swift */; };
		97E57CDB296531E2000068C1 /* Assets.xcassets in Resources */ = {isa = PBXBuildFile; fileRef = 97E57CDA296531E2000068C1 /* Assets.xcassets */; };
		97E57CDE296531E2000068C1 /* Preview Assets.xcassets in Resources */ = {isa = PBXBuildFile; fileRef = 97E57CDD296531E2000068C1 /* Preview Assets.xcassets */; };
		97E57CEB296531FA000068C1 /* WidgetKit.framework in Frameworks */ = {isa = PBXBuildFile; fileRef = 97E57CEA296531FA000068C1 /* WidgetKit.framework */; };
		97E57CED296531FA000068C1 /* SwiftUI.framework in Frameworks */ = {isa = PBXBuildFile; fileRef = 97E57CEC296531FA000068C1 /* SwiftUI.framework */; };
		97E57CF0296531FA000068C1 /* toggle_widgetBundle.swift in Sources */ = {isa = PBXBuildFile; fileRef = 97E57CEF296531FA000068C1 /* toggle_widgetBundle.swift */; };
		97E57CF2296531FA000068C1 /* toggle_widgetLiveActivity.swift in Sources */ = {isa = PBXBuildFile; fileRef = 97E57CF1296531FA000068C1 /* toggle_widgetLiveActivity.swift */; };
		97E57CF4296531FA000068C1 /* toggle_widget.swift in Sources */ = {isa = PBXBuildFile; fileRef = 97E57CF3296531FA000068C1 /* toggle_widget.swift */; };
		97E57CF7296531FB000068C1 /* Assets.xcassets in Resources */ = {isa = PBXBuildFile; fileRef = 97E57CF6296531FB000068C1 /* Assets.xcassets */; };
		97E57CF9296531FB000068C1 /* toggle_widget.intentdefinition in Sources */ = {isa = PBXBuildFile; fileRef = 97E57CF5296531FA000068C1 /* toggle_widget.intentdefinition */; };
		97E57CFA296531FB000068C1 /* toggle_widget.intentdefinition in Sources */ = {isa = PBXBuildFile; fileRef = 97E57CF5296531FA000068C1 /* toggle_widget.intentdefinition */; };
		97E57CFD296531FB000068C1 /* toggle-widgetExtension.appex in Embed Foundation Extensions */ = {isa = PBXBuildFile; fileRef = 97E57CE8296531FA000068C1 /* toggle-widgetExtension.appex */; settings = {ATTRIBUTES = (RemoveHeadersOnCopy, ); }; };
		97E57D042965324B000068C1 /* toggle-clock-view.swift in Sources */ = {isa = PBXBuildFile; fileRef = 97E57D032965324B000068C1 /* toggle-clock-view.swift */; };
		97E57D052965324B000068C1 /* toggle-clock-view.swift in Sources */ = {isa = PBXBuildFile; fileRef = 97E57D032965324B000068C1 /* toggle-clock-view.swift */; };
		97E57D0629653DE5000068C1 /* Assets.xcassets in Resources */ = {isa = PBXBuildFile; fileRef = 97E57CDA296531E2000068C1 /* Assets.xcassets */; };
		97E57D0829653E65000068C1 /* trees2.png in Resources */ = {isa = PBXBuildFile; fileRef = 97E57D0729653E65000068C1 /* trees2.png */; };
		97E57D0929653E65000068C1 /* trees2.png in Resources */ = {isa = PBXBuildFile; fileRef = 97E57D0729653E65000068C1 /* trees2.png */; };
		97E57D0B296542B7000068C1 /* moon-view.swift in Sources */ = {isa = PBXBuildFile; fileRef = 97E57D0A296542B7000068C1 /* moon-view.swift */; };
		97E57D0C296542B7000068C1 /* moon-view.swift in Sources */ = {isa = PBXBuildFile; fileRef = 97E57D0A296542B7000068C1 /* moon-view.swift */; };
/* End PBXBuildFile section */

/* Begin PBXContainerItemProxy section */
		97E57CFB296531FB000068C1 /* PBXContainerItemProxy */ = {
			isa = PBXContainerItemProxy;
			containerPortal = 97E57CCB296531E2000068C1 /* Project object */;
			proxyType = 1;
			remoteGlobalIDString = 97E57CE7296531FA000068C1;
			remoteInfo = "toggle-widgetExtension";
		};
/* End PBXContainerItemProxy section */

/* Begin PBXCopyFilesBuildPhase section */
		97E57D01296531FB000068C1 /* Embed Foundation Extensions */ = {
			isa = PBXCopyFilesBuildPhase;
			buildActionMask = 2147483647;
			dstPath = "";
			dstSubfolderSpec = 13;
			files = (
				97E57CFD296531FB000068C1 /* toggle-widgetExtension.appex in Embed Foundation Extensions */,
			);
			name = "Embed Foundation Extensions";
			runOnlyForDeploymentPostprocessing = 0;
		};
/* End PBXCopyFilesBuildPhase section */

/* Begin PBXFileReference section */
		97E57CD3296531E2000068C1 /* toggle-clock.app */ = {isa = PBXFileReference; explicitFileType = wrapper.application; includeInIndex = 0; path = "toggle-clock.app"; sourceTree = BUILT_PRODUCTS_DIR; };
		97E57CD6296531E2000068C1 /* toggle_clockApp.swift */ = {isa = PBXFileReference; lastKnownFileType = sourcecode.swift; path = toggle_clockApp.swift; sourceTree = "<group>"; };
		97E57CD8296531E2000068C1 /* ContentView.swift */ = {isa = PBXFileReference; lastKnownFileType = sourcecode.swift; path = ContentView.swift; sourceTree = "<group>"; };
		97E57CDA296531E2000068C1 /* Assets.xcassets */ = {isa = PBXFileReference; lastKnownFileType = folder.assetcatalog; path = Assets.xcassets; sourceTree = "<group>"; };
		97E57CDD296531E2000068C1 /* Preview Assets.xcassets */ = {isa = PBXFileReference; lastKnownFileType = folder.assetcatalog; path = "Preview Assets.xcassets"; sourceTree = "<group>"; };
		97E57CE8296531FA000068C1 /* toggle-widgetExtension.appex */ = {isa = PBXFileReference; explicitFileType = "wrapper.app-extension"; includeInIndex = 0; path = "toggle-widgetExtension.appex"; sourceTree = BUILT_PRODUCTS_DIR; };
		97E57CEA296531FA000068C1 /* WidgetKit.framework */ = {isa = PBXFileReference; lastKnownFileType = wrapper.framework; name = WidgetKit.framework; path = System/Library/Frameworks/WidgetKit.framework; sourceTree = SDKROOT; };
		97E57CEC296531FA000068C1 /* SwiftUI.framework */ = {isa = PBXFileReference; lastKnownFileType = wrapper.framework; name = SwiftUI.framework; path = System/Library/Frameworks/SwiftUI.framework; sourceTree = SDKROOT; };
		97E57CEF296531FA000068C1 /* toggle_widgetBundle.swift */ = {isa = PBXFileReference; lastKnownFileType = sourcecode.swift; path = toggle_widgetBundle.swift; sourceTree = "<group>"; };
		97E57CF1296531FA000068C1 /* toggle_widgetLiveActivity.swift */ = {isa = PBXFileReference; lastKnownFileType = sourcecode.swift; path = toggle_widgetLiveActivity.swift; sourceTree = "<group>"; };
		97E57CF3296531FA000068C1 /* toggle_widget.swift */ = {isa = PBXFileReference; lastKnownFileType = sourcecode.swift; path = toggle_widget.swift; sourceTree = "<group>"; };
		97E57CF5296531FA000068C1 /* toggle_widget.intentdefinition */ = {isa = PBXFileReference; lastKnownFileType = file.intentdefinition; path = toggle_widget.intentdefinition; sourceTree = "<group>"; };
		97E57CF6296531FB000068C1 /* Assets.xcassets */ = {isa = PBXFileReference; lastKnownFileType = folder.assetcatalog; path = Assets.xcassets; sourceTree = "<group>"; };
		97E57CF8296531FB000068C1 /* Info.plist */ = {isa = PBXFileReference; lastKnownFileType = text.plist.xml; path = Info.plist; sourceTree = "<group>"; };
		97E57D032965324B000068C1 /* toggle-clock-view.swift */ = {isa = PBXFileReference; lastKnownFileType = sourcecode.swift; path = "toggle-clock-view.swift"; sourceTree = "<group>"; };
		97E57D0729653E65000068C1 /* trees2.png */ = {isa = PBXFileReference; lastKnownFileType = image.png; path = trees2.png; sourceTree = "<group>"; };
		97E57D0A296542B7000068C1 /* moon-view.swift */ = {isa = PBXFileReference; lastKnownFileType = sourcecode.swift; path = "moon-view.swift"; sourceTree = "<group>"; };
/* End PBXFileReference section */

/* Begin PBXFrameworksBuildPhase section */
		97E57CD0296531E2000068C1 /* Frameworks */ = {
			isa = PBXFrameworksBuildPhase;
			buildActionMask = 2147483647;
			files = (
			);
			runOnlyForDeploymentPostprocessing = 0;
		};
		97E57CE5296531FA000068C1 /* Frameworks */ = {
			isa = PBXFrameworksBuildPhase;
			buildActionMask = 2147483647;
			files = (
				97E57CED296531FA000068C1 /* SwiftUI.framework in Frameworks */,
				97E57CEB296531FA000068C1 /* WidgetKit.framework in Frameworks */,
			);
			runOnlyForDeploymentPostprocessing = 0;
		};
/* End PBXFrameworksBuildPhase section */

/* Begin PBXGroup section */
		97E57CCA296531E2000068C1 = {
			isa = PBXGroup;
			children = (
				97E57CD5296531E2000068C1 /* toggle-clock */,
				97E57CEE296531FA000068C1 /* toggle-widget */,
				97E57CE9296531FA000068C1 /* Frameworks */,
				97E57CD4296531E2000068C1 /* Products */,
			);
			sourceTree = "<group>";
		};
		97E57CD4296531E2000068C1 /* Products */ = {
			isa = PBXGroup;
			children = (
				97E57CD3296531E2000068C1 /* toggle-clock.app */,
				97E57CE8296531FA000068C1 /* toggle-widgetExtension.appex */,
			);
			name = Products;
			sourceTree = "<group>";
		};
		97E57CD5296531E2000068C1 /* toggle-clock */ = {
			isa = PBXGroup;
			children = (
				97E57D0229653213000068C1 /* Views */,
				97E57CD6296531E2000068C1 /* toggle_clockApp.swift */,
				97E57CD8296531E2000068C1 /* ContentView.swift */,
				97E57D0729653E65000068C1 /* trees2.png */,
				97E57CDA296531E2000068C1 /* Assets.xcassets */,
				97E57CDC296531E2000068C1 /* Preview Content */,
			);
			path = "toggle-clock";
			sourceTree = "<group>";
		};
		97E57CDC296531E2000068C1 /* Preview Content */ = {
			isa = PBXGroup;
			children = (
				97E57CDD296531E2000068C1 /* Preview Assets.xcassets */,
			);
			path = "Preview Content";
			sourceTree = "<group>";
		};
		97E57CE9296531FA000068C1 /* Frameworks */ = {
			isa = PBXGroup;
			children = (
				97E57CEA296531FA000068C1 /* WidgetKit.framework */,
				97E57CEC296531FA000068C1 /* SwiftUI.framework */,
			);
			name = Frameworks;
			sourceTree = "<group>";
		};
		97E57CEE296531FA000068C1 /* toggle-widget */ = {
			isa = PBXGroup;
			children = (
				97E57CEF296531FA000068C1 /* toggle_widgetBundle.swift */,
				97E57CF1296531FA000068C1 /* toggle_widgetLiveActivity.swift */,
				97E57CF3296531FA000068C1 /* toggle_widget.swift */,
				97E57CF5296531FA000068C1 /* toggle_widget.intentdefinition */,
				97E57CF6296531FB000068C1 /* Assets.xcassets */,
				97E57CF8296531FB000068C1 /* Info.plist */,
			);
			path = "toggle-widget";
			sourceTree = "<group>";
		};
		97E57D0229653213000068C1 /* Views */ = {
			isa = PBXGroup;
			children = (
				97E57D032965324B000068C1 /* toggle-clock-view.swift */,
				97E57D0A296542B7000068C1 /* moon-view.swift */,
			);
			path = Views;
			sourceTree = "<group>";
		};
/* End PBXGroup section */

/* Begin PBXNativeTarget section */
		97E57CD2296531E2000068C1 /* toggle-clock */ = {
			isa = PBXNativeTarget;
			buildConfigurationList = 97E57CE1296531E2000068C1 /* Build configuration list for PBXNativeTarget "toggle-clock" */;
			buildPhases = (
				97E57CCF296531E2000068C1 /* Sources */,
				97E57CD0296531E2000068C1 /* Frameworks */,
				97E57CD1296531E2000068C1 /* Resources */,
				97E57D01296531FB000068C1 /* Embed Foundation Extensions */,
			);
			buildRules = (
			);
			dependencies = (
				97E57CFC296531FB000068C1 /* PBXTargetDependency */,
			);
			name = "toggle-clock";
			productName = "toggle-clock";
			productReference = 97E57CD3296531E2000068C1 /* toggle-clock.app */;
			productType = "com.apple.product-type.application";
		};
		97E57CE7296531FA000068C1 /* toggle-widgetExtension */ = {
			isa = PBXNativeTarget;
			buildConfigurationList = 97E57CFE296531FB000068C1 /* Build configuration list for PBXNativeTarget "toggle-widgetExtension" */;
			buildPhases = (
				97E57CE4296531FA000068C1 /* Sources */,
				97E57CE5296531FA000068C1 /* Frameworks */,
				97E57CE6296531FA000068C1 /* Resources */,
			);
			buildRules = (
			);
			dependencies = (
			);
			name = "toggle-widgetExtension";
			productName = "toggle-widgetExtension";
			productReference = 97E57CE8296531FA000068C1 /* toggle-widgetExtension.appex */;
			productType = "com.apple.product-type.app-extension";
		};
/* End PBXNativeTarget section */

/* Begin PBXProject section */
		97E57CCB296531E2000068C1 /* Project object */ = {
			isa = PBXProject;
			attributes = {
				BuildIndependentTargetsInParallel = 1;
				LastSwiftUpdateCheck = 1420;
				LastUpgradeCheck = 1420;
				TargetAttributes = {
					97E57CD2296531E2000068C1 = {
						CreatedOnToolsVersion = 14.2;
					};
					97E57CE7296531FA000068C1 = {
						CreatedOnToolsVersion = 14.2;
					};
				};
			};
			buildConfigurationList = 97E57CCE296531E2000068C1 /* Build configuration list for PBXProject "toggle-clock" */;
			compatibilityVersion = "Xcode 14.0";
			developmentRegion = en;
			hasScannedForEncodings = 0;
			knownRegions = (
				en,
				Base,
			);
			mainGroup = 97E57CCA296531E2000068C1;
			productRefGroup = 97E57CD4296531E2000068C1 /* Products */;
			projectDirPath = "";
			projectRoot = "";
			targets = (
				97E57CD2296531E2000068C1 /* toggle-clock */,
				97E57CE7296531FA000068C1 /* toggle-widgetExtension */,
			);
		};
/* End PBXProject section */

/* Begin PBXResourcesBuildPhase section */
		97E57CD1296531E2000068C1 /* Resources */ = {
			isa = PBXResourcesBuildPhase;
			buildActionMask = 2147483647;
			files = (
				97E57CDE296531E2000068C1 /* Preview Assets.xcassets in Resources */,
				97E57CDB296531E2000068C1 /* Assets.xcassets in Resources */,
				97E57D0829653E65000068C1 /* trees2.png in Resources */,
			);
			runOnlyForDeploymentPostprocessing = 0;
		};
		97E57CE6296531FA000068C1 /* Resources */ = {
			isa = PBXResourcesBuildPhase;
			buildActionMask = 2147483647;
			files = (
				97E57D0629653DE5000068C1 /* Assets.xcassets in Resources */,
				97E57CF7296531FB000068C1 /* Assets.xcassets in Resources */,
				97E57D0929653E65000068C1 /* trees2.png in Resources */,
			);
			runOnlyForDeploymentPostprocessing = 0;
		};
/* End PBXResourcesBuildPhase section */

/* Begin PBXSourcesBuildPhase section */
		97E57CCF296531E2000068C1 /* Sources */ = {
			isa = PBXSourcesBuildPhase;
			buildActionMask = 2147483647;
			files = (
				97E57D0B296542B7000068C1 /* moon-view.swift in Sources */,
				97E57CFA296531FB000068C1 /* toggle_widget.intentdefinition in Sources */,
				97E57D042965324B000068C1 /* toggle-clock-view.swift in Sources */,
				97E57CD9296531E2000068C1 /* ContentView.swift in Sources */,
				97E57CD7296531E2000068C1 /* toggle_clockApp.swift in Sources */,
			);
			runOnlyForDeploymentPostprocessing = 0;
		};
		97E57CE4296531FA000068C1 /* Sources */ = {
			isa = PBXSourcesBuildPhase;
			buildActionMask = 2147483647;
			files = (
				97E57CF9296531FB000068C1 /* toggle_widget.intentdefinition in Sources */,
				97E57CF4296531FA000068C1 /* toggle_widget.swift in Sources */,
				97E57CF2296531FA000068C1 /* toggle_widgetLiveActivity.swift in Sources */,
				97E57D0C296542B7000068C1 /* moon-view.swift in Sources */,
				97E57CF0296531FA000068C1 /* toggle_widgetBundle.swift in Sources */,
				97E57D052965324B000068C1 /* toggle-clock-view.swift in Sources */,
			);
			runOnlyForDeploymentPostprocessing = 0;
		};
/* End PBXSourcesBuildPhase section */

/* Begin PBXTargetDependency section */
		97E57CFC296531FB000068C1 /* PBXTargetDependency */ = {
			isa = PBXTargetDependency;
			target = 97E57CE7296531FA000068C1 /* toggle-widgetExtension */;
			targetProxy = 97E57CFB296531FB000068C1 /* PBXContainerItemProxy */;
		};
/* End PBXTargetDependency section */

/* Begin XCBuildConfiguration section */
		97E57CDF296531E2000068C1 /* Debug */ = {
			isa = XCBuildConfiguration;
			buildSettings = {
				ALWAYS_SEARCH_USER_PATHS = NO;
				CLANG_ANALYZER_NONNULL = YES;
				CLANG_ANALYZER_NUMBER_OBJECT_CONVERSION = YES_AGGRESSIVE;
				CLANG_CXX_LANGUAGE_STANDARD = "gnu++20";
				CLANG_ENABLE_MODULES = YES;
				CLANG_ENABLE_OBJC_ARC = YES;
				CLANG_ENABLE_OBJC_WEAK = YES;
				CLANG_WARN_BLOCK_CAPTURE_AUTORELEASING = YES;
				CLANG_WARN_BOOL_CONVERSION = YES;
				CLANG_WARN_COMMA = YES;
				CLANG_WARN_CONSTANT_CONVERSION = YES;
				CLANG_WARN_DEPRECATED_OBJC_IMPLEMENTATIONS = YES;
				CLANG_WARN_DIRECT_OBJC_ISA_USAGE = YES_ERROR;
				CLANG_WARN_DOCUMENTATION_COMMENTS = YES;
				CLANG_WARN_EMPTY_BODY = YES;
				CLANG_WARN_ENUM_CONVERSION = YES;
				CLANG_WARN_INFINITE_RECURSION = YES;
				CLANG_WARN_INT_CONVERSION = YES;
				CLANG_WARN_NON_LITERAL_NULL_CONVERSION = YES;
				CLANG_WARN_OBJC_IMPLICIT_RETAIN_SELF = YES;
				CLANG_WARN_OBJC_LITERAL_CONVERSION = YES;
				CLANG_WARN_OBJC_ROOT_CLASS = YES_ERROR;
				CLANG_WARN_QUOTED_INCLUDE_IN_FRAMEWORK_HEADER = YES;
				CLANG_WARN_RANGE_LOOP_ANALYSIS = YES;
				CLANG_WARN_STRICT_PROTOTYPES = YES;
				CLANG_WARN_SUSPICIOUS_MOVE = YES;
				CLANG_WARN_UNGUARDED_AVAILABILITY = YES_AGGRESSIVE;
				CLANG_WARN_UNREACHABLE_CODE = YES;
				CLANG_WARN__DUPLICATE_METHOD_MATCH = YES;
				COPY_PHASE_STRIP = NO;
				DEBUG_INFORMATION_FORMAT = dwarf;
				ENABLE_STRICT_OBJC_MSGSEND = YES;
				ENABLE_TESTABILITY = YES;
				GCC_C_LANGUAGE_STANDARD = gnu11;
				GCC_DYNAMIC_NO_PIC = NO;
				GCC_NO_COMMON_BLOCKS = YES;
				GCC_OPTIMIZATION_LEVEL = 0;
				GCC_PREPROCESSOR_DEFINITIONS = (
					"DEBUG=1",
					"$(inherited)",
				);
				GCC_WARN_64_TO_32_BIT_CONVERSION = YES;
				GCC_WARN_ABOUT_RETURN_TYPE = YES_ERROR;
				GCC_WARN_UNDECLARED_SELECTOR = YES;
				GCC_WARN_UNINITIALIZED_AUTOS = YES_AGGRESSIVE;
				GCC_WARN_UNUSED_FUNCTION = YES;
				GCC_WARN_UNUSED_VARIABLE = YES;
				IPHONEOS_DEPLOYMENT_TARGET = 16.2;
				MTL_ENABLE_DEBUG_INFO = INCLUDE_SOURCE;
				MTL_FAST_MATH = YES;
				ONLY_ACTIVE_ARCH = YES;
				SDKROOT = iphoneos;
				SWIFT_ACTIVE_COMPILATION_CONDITIONS = DEBUG;
				SWIFT_OPTIMIZATION_LEVEL = "-Onone";
			};
			name = Debug;
		};
		97E57CE0296531E2000068C1 /* Release */ = {
			isa = XCBuildConfiguration;
			buildSettings = {
				ALWAYS_SEARCH_USER_PATHS = NO;
				CLANG_ANALYZER_NONNULL = YES;
				CLANG_ANALYZER_NUMBER_OBJECT_CONVERSION = YES_AGGRESSIVE;
				CLANG_CXX_LANGUAGE_STANDARD = "gnu++20";
				CLANG_ENABLE_MODULES = YES;
				CLANG_ENABLE_OBJC_ARC = YES;
				CLANG_ENABLE_OBJC_WEAK = YES;
				CLANG_WARN_BLOCK_CAPTURE_AUTORELEASING = YES;
				CLANG_WARN_BOOL_CONVERSION = YES;
				CLANG_WARN_COMMA = YES;
				CLANG_WARN_CONSTANT_CONVERSION = YES;
				CLANG_WARN_DEPRECATED_OBJC_IMPLEMENTATIONS = YES;
				CLANG_WARN_DIRECT_OBJC_ISA_USAGE = YES_ERROR;
				CLANG_WARN_DOCUMENTATION_COMMENTS = YES;
				CLANG_WARN_EMPTY_BODY = YES;
				CLANG_WARN_ENUM_CONVERSION = YES;
				CLANG_WARN_INFINITE_RECURSION = YES;
				CLANG_WARN_INT_CONVERSION = YES;
				CLANG_WARN_NON_LITERAL_NULL_CONVERSION = YES;
				CLANG_WARN_OBJC_IMPLICIT_RETAIN_SELF = YES;
				CLANG_WARN_OBJC_LITERAL_CONVERSION = YES;
				CLANG_WARN_OBJC_ROOT_CLASS = YES_ERROR;
				CLANG_WARN_QUOTED_INCLUDE_IN_FRAMEWORK_HEADER = YES;
				CLANG_WARN_RANGE_LOOP_ANALYSIS = YES;
				CLANG_WARN_STRICT_PROTOTYPES = YES;
				CLANG_WARN_SUSPICIOUS_MOVE = YES;
				CLANG_WARN_UNGUARDED_AVAILABILITY = YES_AGGRESSIVE;
				CLANG_WARN_UNREACHABLE_CODE = YES;
				CLANG_WARN__DUPLICATE_METHOD_MATCH = YES;
				COPY_PHASE_STRIP = NO;
				DEBUG_INFORMATION_FORMAT = "dwarf-with-dsym";
				ENABLE_NS_ASSERTIONS = NO;
				ENABLE_STRICT_OBJC_MSGSEND = YES;
				GCC_C_LANGUAGE_STANDARD = gnu11;
				GCC_NO_COMMON_BLOCKS = YES;
				GCC_WARN_64_TO_32_BIT_CONVERSION = YES;
				GCC_WARN_ABOUT_RETURN_TYPE = YES_ERROR;
				GCC_WARN_UNDECLARED_SELECTOR = YES;
				GCC_WARN_UNINITIALIZED_AUTOS = YES_AGGRESSIVE;
				GCC_WARN_UNUSED_FUNCTION = YES;
				GCC_WARN_UNUSED_VARIABLE = YES;
				IPHONEOS_DEPLOYMENT_TARGET = 16.2;
				MTL_ENABLE_DEBUG_INFO = NO;
				MTL_FAST_MATH = YES;
				SDKROOT = iphoneos;
				SWIFT_COMPILATION_MODE = wholemodule;
				SWIFT_OPTIMIZATION_LEVEL = "-O";
				VALIDATE_PRODUCT = YES;
			};
			name = Release;
		};
		97E57CE2296531E2000068C1 /* Debug */ = {
			isa = XCBuildConfiguration;
			buildSettings = {
				ALWAYS_EMBED_SWIFT_STANDARD_LIBRARIES = YES;
				ASSETCATALOG_COMPILER_APPICON_NAME = AppIcon;
				ASSETCATALOG_COMPILER_GLOBAL_ACCENT_COLOR_NAME = AccentColor;
				CODE_SIGN_STYLE = Automatic;
				CURRENT_PROJECT_VERSION = 1;
				DEVELOPMENT_ASSET_PATHS = "\"toggle-clock/Preview Content\"";
				DEVELOPMENT_TEAM = F58BF86G54;
				ENABLE_PREVIEWS = YES;
				GENERATE_INFOPLIST_FILE = YES;
				INFOPLIST_KEY_CFBundleDisplayName = "Night Switch";
				INFOPLIST_KEY_UIApplicationSceneManifest_Generation = YES;
				INFOPLIST_KEY_UIApplicationSupportsIndirectInputEvents = YES;
				INFOPLIST_KEY_UILaunchScreen_Generation = YES;
				INFOPLIST_KEY_UISupportedInterfaceOrientations_iPad = "UIInterfaceOrientationPortrait UIInterfaceOrientationPortraitUpsideDown UIInterfaceOrientationLandscapeLeft UIInterfaceOrientationLandscapeRight";
				INFOPLIST_KEY_UISupportedInterfaceOrientations_iPhone = "UIInterfaceOrientationPortrait UIInterfaceOrientationLandscapeLeft UIInterfaceOrientationLandscapeRight";
				IPHONEOS_DEPLOYMENT_TARGET = 16.1;
				LD_RUNPATH_SEARCH_PATHS = (
					"$(inherited)",
					"@executable_path/Frameworks",
				);
				MARKETING_VERSION = 1.0;
				PRODUCT_BUNDLE_IDENTIFIER = "com.usman.toggle-clock2";
				PRODUCT_NAME = "$(TARGET_NAME)";
				SWIFT_EMIT_LOC_STRINGS = YES;
				SWIFT_VERSION = 5.0;
				TARGETED_DEVICE_FAMILY = "1,2";
			};
			name = Debug;
		};
		97E57CE3296531E2000068C1 /* Release */ = {
			isa = XCBuildConfiguration;
			buildSettings = {
				ALWAYS_EMBED_SWIFT_STANDARD_LIBRARIES = YES;
				ASSETCATALOG_COMPILER_APPICON_NAME = AppIcon;
				ASSETCATALOG_COMPILER_GLOBAL_ACCENT_COLOR_NAME = AccentColor;
				CODE_SIGN_STYLE = Automatic;
				CURRENT_PROJECT_VERSION = 1;
				DEVELOPMENT_ASSET_PATHS = "\"toggle-clock/Preview Content\"";
				DEVELOPMENT_TEAM = F58BF86G54;
				ENABLE_PREVIEWS = YES;
				GENERATE_INFOPLIST_FILE = YES;
				INFOPLIST_KEY_CFBundleDisplayName = "Night Switch";
				INFOPLIST_KEY_UIApplicationSceneManifest_Generation = YES;
				INFOPLIST_KEY_UIApplicationSupportsIndirectInputEvents = YES;
				INFOPLIST_KEY_UILaunchScreen_Generation = YES;
				INFOPLIST_KEY_UISupportedInterfaceOrientations_iPad = "UIInterfaceOrientationPortrait UIInterfaceOrientationPortraitUpsideDown UIInterfaceOrientationLandscapeLeft UIInterfaceOrientationLandscapeRight";
				INFOPLIST_KEY_UISupportedInterfaceOrientations_iPhone = "UIInterfaceOrientationPortrait UIInterfaceOrientationLandscapeLeft UIInterfaceOrientationLandscapeRight";
				IPHONEOS_DEPLOYMENT_TARGET = 16.1;
				LD_RUNPATH_SEARCH_PATHS = (
					"$(inherited)",
					"@executable_path/Frameworks",
				);
				MARKETING_VERSION = 1.0;
				PRODUCT_BUNDLE_IDENTIFIER = "com.usman.toggle-clock2";
				PRODUCT_NAME = "$(TARGET_NAME)";
				SWIFT_EMIT_LOC_STRINGS = YES;
				SWIFT_VERSION = 5.0;
				TARGETED_DEVICE_FAMILY = "1,2";
			};
			name = Release;
		};
		97E57CFF296531FB000068C1 /* Debug */ = {
			isa = XCBuildConfiguration;
			buildSettings = {
				ASSETCATALOG_COMPILER_GLOBAL_ACCENT_COLOR_NAME = AccentColor;
				ASSETCATALOG_COMPILER_WIDGET_BACKGROUND_COLOR_NAME = WidgetBackground;
				CODE_SIGN_STYLE = Automatic;
				CURRENT_PROJECT_VERSION = 1;
				DEVELOPMENT_TEAM = F58BF86G54;
				GENERATE_INFOPLIST_FILE = YES;
				INFOPLIST_FILE = "toggle-widget/Info.plist";
				INFOPLIST_KEY_CFBundleDisplayName = "Night Switch";
				INFOPLIST_KEY_NSHumanReadableCopyright = "";
				IPHONEOS_DEPLOYMENT_TARGET = 16.1;
				LD_RUNPATH_SEARCH_PATHS = (
					"$(inherited)",
					"@executable_path/Frameworks",
					"@executable_path/../../Frameworks",
				);
				MARKETING_VERSION = 1.0;
				PRODUCT_BUNDLE_IDENTIFIER = "com.usman.toggle-clock2.toggle-widget";
				PRODUCT_NAME = "$(TARGET_NAME)";
				SKIP_INSTALL = YES;
				SWIFT_EMIT_LOC_STRINGS = YES;
				SWIFT_VERSION = 5.0;
				TARGETED_DEVICE_FAMILY = "1,2";
			};
			name = Debug;
		};
		97E57D00296531FB000068C1 /* Release */ = {
			isa = XCBuildConfiguration;
			buildSettings = {
				ASSETCATALOG_COMPILER_GLOBAL_ACCENT_COLOR_NAME = AccentColor;
				ASSETCATALOG_COMPILER_WIDGET_BACKGROUND_COLOR_NAME = WidgetBackground;
				CODE_SIGN_STYLE = Automatic;
				CURRENT_PROJECT_VERSION = 1;
				DEVELOPMENT_TEAM = F58BF86G54;
				GENERATE_INFOPLIST_FILE = YES;
				INFOPLIST_FILE = "toggle-widget/Info.plist";
				INFOPLIST_KEY_CFBundleDisplayName = "Night Switch";
				INFOPLIST_KEY_NSHumanReadableCopyright = "";
				IPHONEOS_DEPLOYMENT_TARGET = 16.1;
				LD_RUNPATH_SEARCH_PATHS = (
					"$(inherited)",
					"@executable_path/Frameworks",
					"@executable_path/../../Frameworks",
				);
				MARKETING_VERSION = 1.0;
				PRODUCT_BUNDLE_IDENTIFIER = "com.usman.toggle-clock2.toggle-widget";
				PRODUCT_NAME = "$(TARGET_NAME)";
				SKIP_INSTALL = YES;
				SWIFT_EMIT_LOC_STRINGS = YES;
				SWIFT_VERSION = 5.0;
				TARGETED_DEVICE_FAMILY = "1,2";
			};
			name = Release;
		};
/* End XCBuildConfiguration section */

/* Begin XCConfigurationList section */
		97E57CCE296531E2000068C1 /* Build configuration list for PBXProject "toggle-clock" */ = {
			isa = XCConfigurationList;
			buildConfigurations = (
				97E57CDF296531E2000068C1 /* Debug */,
				97E57CE0296531E2000068C1 /* Release */,
			);
			defaultConfigurationIsVisible = 0;
			defaultConfigurationName = Release;
		};
		97E57CE1296531E2000068C1 /* Build configuration list for PBXNativeTarget "toggle-clock" */ = {
			isa = XCConfigurationList;
			buildConfigurations = (
				97E57CE2296531E2000068C1 /* Debug */,
				97E57CE3296531E2000068C1 /* Release */,
			);
			defaultConfigurationIsVisible = 0;
			defaultConfigurationName = Release;
		};
		97E57CFE296531FB000068C1 /* Build configuration list for PBXNativeTarget "toggle-widgetExtension" */ = {
			isa = XCConfigurationList;
			buildConfigurations = (
				97E57CFF296531FB000068C1 /* Debug */,
				97E57D00296531FB000068C1 /* Release */,
			);
			defaultConfigurationIsVisible = 0;
			defaultConfigurationName = Release;
		};
/* End XCConfigurationList section */
	};
	rootObject = 97E57CCB296531E2000068C1 /* Project object */;
}
